
Microsoft Visual Studio Solution File, Format Version 12.00
# Visual Studio Version 17
VisualStudioVersion = 17.0.32014.148
MinimumVisualStudioVersion = 10.0.40219.1
Project("{FAE04EC0-301F-11D3-BF4B-00C04F79EFBC}") = "AgBrandaoVinicius", "AgBrandaoVinicius\AgBrandaoVinicius.csproj", "{99CEBBD1-7C43-4B65-9617-95D95BE7B523}"
EndProject
Global
	GlobalSection(SolutionConfigurationPlatforms) = preSolution
		Debug|Any CPU = Debug|Any CPU
		Release|Any CPU = Release|Any CPU
	EndGlobalSection
	GlobalSection(ProjectConfigurationPlatforms) = postSolution
		{99CEBBD1-7C43-4B65-9617-95D95BE7B523}.Debug|Any CPU.ActiveCfg = Debug|Any CPU
		{99CEBBD1-7C43-4B65-9617-95D95BE7B523}.Debug|Any CPU.Build.0 = Debug|Any CPU
		{99CEBBD1-7C43-4B65-9617-95D95BE7B523}.Release|Any CPU.ActiveCfg = Release|Any CPU
		{99CEBBD1-7C43-4B65-9617-95D95BE7B523}.Release|Any CPU.Build.0 = Release|Any CPU
	EndGlobalSection
	GlobalSection(SolutionProperties) = preSolution
		HideSolutionNode = FALSE
	EndGlobalSection
	GlobalSection(ExtensibilityGlobals) = postSolution
		SolutionGuid = {335C7347-8E06-4142-9CF2-AFCC877C350D}
	EndGlobalSection
EndGlobal
